
Microsoft Visual Studio Solution File, Format Version 12.00
# Visual Studio 15
VisualStudioVersion = 15.0.26124.0
MinimumVisualStudioVersion = 15.0.26124.0
Project("{FAE04EC0-301F-11D3-BF4B-00C04F79EFBC}") = "aspnet", "Application\aspnet.csproj", "{CFF97D63-ECDB-441B-864F-57D25C0BC9E3}"
EndProject
Project("{FAE04EC0-301F-11D3-BF4B-00C04F79EFBC}") = "Infrastructure", "Infrastructure\Infrastructure.csproj", "{BECD2905-7DA4-4FB5-986F-78CC47E36373}"
EndProject
Project("{FAE04EC0-301F-11D3-BF4B-00C04F79EFBC}") = "Domain", "Domain\Domain.csproj", "{B1E78315-07AF-41DD-9517-33DF6192C05D}"
EndProject
Global
	GlobalSection(SolutionConfigurationPlatforms) = preSolution
		Debug|Any CPU = Debug|Any CPU
		Debug|x64 = Debug|x64
		Debug|x86 = Debug|x86
		Release|Any CPU = Release|Any CPU
		Release|x64 = Release|x64
		Release|x86 = Release|x86
	EndGlobalSection
	GlobalSection(SolutionProperties) = preSolution
		HideSolutionNode = FALSE
	EndGlobalSection
	GlobalSection(ProjectConfigurationPlatforms) = postSolution
		{CFF97D63-ECDB-441B-864F-57D25C0BC9E3}.Debug|Any CPU.ActiveCfg = Debug|Any CPU
		{CFF97D63-ECDB-441B-864F-57D25C0BC9E3}.Debug|Any CPU.Build.0 = Debug|Any CPU
		{CFF97D63-ECDB-441B-864F-57D25C0BC9E3}.Debug|x64.ActiveCfg = Debug|Any CPU
		{CFF97D63-ECDB-441B-864F-57D25C0BC9E3}.Debug|x64.Build.0 = Debug|Any CPU
		{CFF97D63-ECDB-441B-864F-57D25C0BC9E3}.Debug|x86.ActiveCfg = Debug|Any CPU
		{CFF97D63-ECDB-441B-864F-57D25C0BC9E3}.Debug|x86.Build.0 = Debug|Any CPU
		{CFF97D63-ECDB-441B-864F-57D25C0BC9E3}.Release|Any CPU.ActiveCfg = Release|Any CPU
		{CFF97D63-ECDB-441B-864F-57D25C0BC9E3}.Release|Any CPU.Build.0 = Release|Any CPU
		{CFF97D63-ECDB-441B-864F-57D25C0BC9E3}.Release|x64.ActiveCfg = Release|Any CPU
		{CFF97D63-ECDB-441B-864F-57D25C0BC9E3}.Release|x64.Build.0 = Release|Any CPU
		{CFF97D63-ECDB-441B-864F-57D25C0BC9E3}.Release|x86.ActiveCfg = Release|Any CPU
		{CFF97D63-ECDB-441B-864F-57D25C0BC9E3}.Release|x86.Build.0 = Release|Any CPU
		{BECD2905-7DA4-4FB5-986F-78CC47E36373}.Debug|Any CPU.ActiveCfg = Debug|Any CPU
		{BECD2905-7DA4-4FB5-986F-78CC47E36373}.Debug|Any CPU.Build.0 = Debug|Any CPU
		{BECD2905-7DA4-4FB5-986F-78CC47E36373}.Debug|x64.ActiveCfg = Debug|Any CPU
		{BECD2905-7DA4-4FB5-986F-78CC47E36373}.Debug|x64.Build.0 = Debug|Any CPU
		{BECD2905-7DA4-4FB5-986F-78CC47E36373}.Debug|x86.ActiveCfg = Debug|Any CPU
		{BECD2905-7DA4-4FB5-986F-78CC47E36373}.Debug|x86.Build.0 = Debug|Any CPU
		{BECD2905-7DA4-4FB5-986F-78CC47E36373}.Release|Any CPU.ActiveCfg = Release|Any CPU
		{BECD2905-7DA4-4FB5-986F-78CC47E36373}.Release|Any CPU.Build.0 = Release|Any CPU
		{BECD2905-7DA4-4FB5-986F-78CC47E36373}.Release|x64.ActiveCfg = Release|Any CPU
		{BECD2905-7DA4-4FB5-986F-78CC47E36373}.Release|x64.Build.0 = Release|Any CPU
		{BECD2905-7DA4-4FB5-986F-78CC47E36373}.Release|x86.ActiveCfg = Release|Any CPU
		{BECD2905-7DA4-4FB5-986F-78CC47E36373}.Release|x86.Build.0 = Release|Any CPU
		{B1E78315-07AF-41DD-9517-33DF6192C05D}.Debug|Any CPU.ActiveCfg = Debug|Any CPU
		{B1E78315-07AF-41DD-9517-33DF6192C05D}.Debug|Any CPU.Build.0 = Debug|Any CPU
		{B1E78315-07AF-41DD-9517-33DF6192C05D}.Debug|x64.ActiveCfg = Debug|Any CPU
		{B1E78315-07AF-41DD-9517-33DF6192C05D}.Debug|x64.Build.0 = Debug|Any CPU
		{B1E78315-07AF-41DD-9517-33DF6192C05D}.Debug|x86.ActiveCfg = Debug|Any CPU
		{B1E78315-07AF-41DD-9517-33DF6192C05D}.Debug|x86.Build.0 = Debug|Any CPU
		{B1E78315-07AF-41DD-9517-33DF6192C05D}.Release|Any CPU.ActiveCfg = Release|Any CPU
		{B1E78315-07AF-41DD-9517-33DF6192C05D}.Release|Any CPU.Build.0 = Release|Any CPU
		{B1E78315-07AF-41DD-9517-33DF6192C05D}.Release|x64.ActiveCfg = Release|Any CPU
		{B1E78315-07AF-41DD-9517-33DF6192C05D}.Release|x64.Build.0 = Release|Any CPU
		{B1E78315-07AF-41DD-9517-33DF6192C05D}.Release|x86.ActiveCfg = Release|Any CPU
		{B1E78315-07AF-41DD-9517-33DF6192C05D}.Release|x86.Build.0 = Release|Any CPU
	EndGlobalSection
EndGlobal
